
Microsoft Visual Studio Solution File, Format Version 12.00
Project("{FAE04EC0-301F-11D3-BF4B-00C04F79EFBC}") = "TaskTrackerService.Api", "TaskTrackerService.Api\TaskTrackerService.Api.csproj", "{02A76BFC-A18D-42D1-BA28-6578D7CA7937}"
EndProject
Project("{2150E333-8FDC-42A3-9474-1A3956D46DE8}") = "TaskTrackerService", "TaskTrackerService", "{4EA2F6BD-8BC1-4DE2-9361-DD0BE6132305}"
EndProject
Project("{FAE04EC0-301F-11D3-BF4B-00C04F79EFBC}") = "TaskTrackerService.Logic", "TaskTrackerService.Logic\TaskTrackerService.Logic.csproj", "{F10D96D1-8B23-45DD-940F-D0C60BB5C75E}"
EndProject
Project("{2150E333-8FDC-42A3-9474-1A3956D46DE8}") = "Libs", "Libs", "{CE360393-C4F5-4413-AA73-3238D39B48FB}"
EndProject
Project("{FAE04EC0-301F-11D3-BF4B-00C04F79EFBC}") = "Core", "..\Libs\Core\Core.csproj", "{5F9586C5-E7C9-4ACE-B1D2-71D18349982A}"
EndProject
Project("{FAE04EC0-301F-11D3-BF4B-00C04F79EFBC}") = "СonnectionLib.UserService", "СonnectionLib.UserService\СonnectionLib.UserService.csproj", "{C938A7A6-7E63-448A-ABCC-A10D4BA4603F}"
EndProject
Project("{FAE04EC0-301F-11D3-BF4B-00C04F79EFBC}") = "TaskTrackerService.Dal", "TaskTrackerService.Dal\TaskTrackerService.Dal.csproj", "{53135631-38B2-4BD3-8225-DFDC5A3CB094}"
EndProject
Project("{2150E333-8FDC-42A3-9474-1A3956D46DE8}") = "UserService", "UserService", "{398DFEAC-DFC1-466C-81F3-BAA7BA5B9AD2}"
EndProject
Project("{FAE04EC0-301F-11D3-BF4B-00C04F79EFBC}") = "UserService.Api", "..\UserService\UserService.Api\UserService.Api.csproj", "{B71EF0DB-786A-470E-98F9-253DB366DD32}"
EndProject
Project("{FAE04EC0-301F-11D3-BF4B-00C04F79EFBC}") = "UserService.Application", "..\UserService\UserService.Application\UserService.Application.csproj", "{506FA8DF-97A4-45E5-863F-7AD57CB87ECA}"
EndProject
Project("{FAE04EC0-301F-11D3-BF4B-00C04F79EFBC}") = "UserService.Infrastructure", "..\UserService\UserService.Infrastructure\UserService.Infrastructure.csproj", "{510C07C4-08FD-4DB1-946D-B5D0D3E34B90}"
EndProject
Project("{FAE04EC0-301F-11D3-BF4B-00C04F79EFBC}") = "UserService.Domain", "..\UserService\UserService.Domain\UserService.Domain.csproj", "{F6040607-C738-4EF8-B07B-96F221707DD0}"
EndProject
Global
	GlobalSection(SolutionConfigurationPlatforms) = preSolution
		Debug|Any CPU = Debug|Any CPU
		Release|Any CPU = Release|Any CPU
	EndGlobalSection
	GlobalSection(ProjectConfigurationPlatforms) = postSolution
		{02A76BFC-A18D-42D1-BA28-6578D7CA7937}.Debug|Any CPU.ActiveCfg = Debug|Any CPU
		{02A76BFC-A18D-42D1-BA28-6578D7CA7937}.Debug|Any CPU.Build.0 = Debug|Any CPU
		{02A76BFC-A18D-42D1-BA28-6578D7CA7937}.Release|Any CPU.ActiveCfg = Release|Any CPU
		{02A76BFC-A18D-42D1-BA28-6578D7CA7937}.Release|Any CPU.Build.0 = Release|Any CPU
		{F10D96D1-8B23-45DD-940F-D0C60BB5C75E}.Debug|Any CPU.ActiveCfg = Debug|Any CPU
		{F10D96D1-8B23-45DD-940F-D0C60BB5C75E}.Debug|Any CPU.Build.0 = Debug|Any CPU
		{F10D96D1-8B23-45DD-940F-D0C60BB5C75E}.Release|Any CPU.ActiveCfg = Release|Any CPU
		{F10D96D1-8B23-45DD-940F-D0C60BB5C75E}.Release|Any CPU.Build.0 = Release|Any CPU
		{5F9586C5-E7C9-4ACE-B1D2-71D18349982A}.Debug|Any CPU.ActiveCfg = Debug|Any CPU
		{5F9586C5-E7C9-4ACE-B1D2-71D18349982A}.Debug|Any CPU.Build.0 = Debug|Any CPU
		{5F9586C5-E7C9-4ACE-B1D2-71D18349982A}.Release|Any CPU.ActiveCfg = Release|Any CPU
		{5F9586C5-E7C9-4ACE-B1D2-71D18349982A}.Release|Any CPU.Build.0 = Release|Any CPU
		{C938A7A6-7E63-448A-ABCC-A10D4BA4603F}.Debug|Any CPU.ActiveCfg = Debug|Any CPU
		{C938A7A6-7E63-448A-ABCC-A10D4BA4603F}.Debug|Any CPU.Build.0 = Debug|Any CPU
		{C938A7A6-7E63-448A-ABCC-A10D4BA4603F}.Release|Any CPU.ActiveCfg = Release|Any CPU
		{C938A7A6-7E63-448A-ABCC-A10D4BA4603F}.Release|Any CPU.Build.0 = Release|Any CPU
		{53135631-38B2-4BD3-8225-DFDC5A3CB094}.Debug|Any CPU.ActiveCfg = Debug|Any CPU
		{53135631-38B2-4BD3-8225-DFDC5A3CB094}.Debug|Any CPU.Build.0 = Debug|Any CPU
		{53135631-38B2-4BD3-8225-DFDC5A3CB094}.Release|Any CPU.ActiveCfg = Release|Any CPU
		{53135631-38B2-4BD3-8225-DFDC5A3CB094}.Release|Any CPU.Build.0 = Release|Any CPU
		{B71EF0DB-786A-470E-98F9-253DB366DD32}.Debug|Any CPU.ActiveCfg = Debug|Any CPU
		{B71EF0DB-786A-470E-98F9-253DB366DD32}.Debug|Any CPU.Build.0 = Debug|Any CPU
		{B71EF0DB-786A-470E-98F9-253DB366DD32}.Release|Any CPU.ActiveCfg = Release|Any CPU
		{B71EF0DB-786A-470E-98F9-253DB366DD32}.Release|Any CPU.Build.0 = Release|Any CPU
		{506FA8DF-97A4-45E5-863F-7AD57CB87ECA}.Debug|Any CPU.ActiveCfg = Debug|Any CPU
		{506FA8DF-97A4-45E5-863F-7AD57CB87ECA}.Debug|Any CPU.Build.0 = Debug|Any CPU
		{506FA8DF-97A4-45E5-863F-7AD57CB87ECA}.Release|Any CPU.ActiveCfg = Release|Any CPU
		{506FA8DF-97A4-45E5-863F-7AD57CB87ECA}.Release|Any CPU.Build.0 = Release|Any CPU
		{510C07C4-08FD-4DB1-946D-B5D0D3E34B90}.Debug|Any CPU.ActiveCfg = Debug|Any CPU
		{510C07C4-08FD-4DB1-946D-B5D0D3E34B90}.Debug|Any CPU.Build.0 = Debug|Any CPU
		{510C07C4-08FD-4DB1-946D-B5D0D3E34B90}.Release|Any CPU.ActiveCfg = Release|Any CPU
		{510C07C4-08FD-4DB1-946D-B5D0D3E34B90}.Release|Any CPU.Build.0 = Release|Any CPU
		{F6040607-C738-4EF8-B07B-96F221707DD0}.Debug|Any CPU.ActiveCfg = Debug|Any CPU
		{F6040607-C738-4EF8-B07B-96F221707DD0}.Debug|Any CPU.Build.0 = Debug|Any CPU
		{F6040607-C738-4EF8-B07B-96F221707DD0}.Release|Any CPU.ActiveCfg = Release|Any CPU
		{F6040607-C738-4EF8-B07B-96F221707DD0}.Release|Any CPU.Build.0 = Release|Any CPU
	EndGlobalSection
	GlobalSection(NestedProjects) = preSolution
		{02A76BFC-A18D-42D1-BA28-6578D7CA7937} = {4EA2F6BD-8BC1-4DE2-9361-DD0BE6132305}
		{F10D96D1-8B23-45DD-940F-D0C60BB5C75E} = {4EA2F6BD-8BC1-4DE2-9361-DD0BE6132305}
		{5F9586C5-E7C9-4ACE-B1D2-71D18349982A} = {CE360393-C4F5-4413-AA73-3238D39B48FB}
		{C938A7A6-7E63-448A-ABCC-A10D4BA4603F} = {CE360393-C4F5-4413-AA73-3238D39B48FB}
		{53135631-38B2-4BD3-8225-DFDC5A3CB094} = {4EA2F6BD-8BC1-4DE2-9361-DD0BE6132305}
		{B71EF0DB-786A-470E-98F9-253DB366DD32} = {398DFEAC-DFC1-466C-81F3-BAA7BA5B9AD2}
		{506FA8DF-97A4-45E5-863F-7AD57CB87ECA} = {398DFEAC-DFC1-466C-81F3-BAA7BA5B9AD2}
		{510C07C4-08FD-4DB1-946D-B5D0D3E34B90} = {398DFEAC-DFC1-466C-81F3-BAA7BA5B9AD2}
		{F6040607-C738-4EF8-B07B-96F221707DD0} = {398DFEAC-DFC1-466C-81F3-BAA7BA5B9AD2}
	EndGlobalSection
EndGlobal
